
Microsoft Visual Studio Solution File, Format Version 12.00
# Visual Studio 15
VisualStudioVersion = 15.0.26730.15
MinimumVisualStudioVersion = 10.0.40219.1
Project("{FAE04EC0-301F-11D3-BF4B-00C04F79EFBC}") = "DotNetKatas", "DotNetKatas\DotNetKatas.csproj", "{68A96212-B017-4D49-AAC3-94A7C9FC0715}"
EndProject
Project("{F2A71F9B-5D33-465A-A702-920D77279786}") = "FSharpKatas", "FSharpKatas\FSharpKatas.fsproj", "{41B06228-154A-4214-B079-B3620CAF5A53}"
EndProject
Global
	GlobalSection(SolutionConfigurationPlatforms) = preSolution
		Debug|Any CPU = Debug|Any CPU
		Release|Any CPU = Release|Any CPU
	EndGlobalSection
	GlobalSection(ProjectConfigurationPlatforms) = postSolution
		{68A96212-B017-4D49-AAC3-94A7C9FC0715}.Debug|Any CPU.ActiveCfg = Debug|Any CPU
		{68A96212-B017-4D49-AAC3-94A7C9FC0715}.Debug|Any CPU.Build.0 = Debug|Any CPU
		{68A96212-B017-4D49-AAC3-94A7C9FC0715}.Release|Any CPU.ActiveCfg = Release|Any CPU
		{68A96212-B017-4D49-AAC3-94A7C9FC0715}.Release|Any CPU.Build.0 = Release|Any CPU
		{41B06228-154A-4214-B079-B3620CAF5A53}.Debug|Any CPU.ActiveCfg = Debug|Any CPU
		{41B06228-154A-4214-B079-B3620CAF5A53}.Debug|Any CPU.Build.0 = Debug|Any CPU
		{41B06228-154A-4214-B079-B3620CAF5A53}.Release|Any CPU.ActiveCfg = Release|Any CPU
		{41B06228-154A-4214-B079-B3620CAF5A53}.Release|Any CPU.Build.0 = Release|Any CPU
	EndGlobalSection
	GlobalSection(SolutionProperties) = preSolution
		HideSolutionNode = FALSE
	EndGlobalSection
	GlobalSection(ExtensibilityGlobals) = postSolution
		SolutionGuid = {F16D8C61-CB97-43DE-AF62-D76476ED1431}
	EndGlobalSection
EndGlobal
